
Microsoft Visual Studio Solution File, Format Version 12.00
# Visual Studio Version 17
VisualStudioVersion = 17.14.36616.10 d17.14
MinimumVisualStudioVersion = 10.0.40219.1
Project("{FAE04EC0-301F-11D3-BF4B-00C04F79EFBC}") = "WPF_lich_su_kien_chuot_va_ban_phim", "WPF_lich_su_kien_chuot_va_ban_phim\WPF_lich_su_kien_chuot_va_ban_phim.csproj", "{225FBDE1-F554-4015-9D17-D42732BE51C5}"
EndProject
Global
	GlobalSection(SolutionConfigurationPlatforms) = preSolution
		Debug|Any CPU = Debug|Any CPU
		Release|Any CPU = Release|Any CPU
	EndGlobalSection
	GlobalSection(ProjectConfigurationPlatforms) = postSolution
		{225FBDE1-F554-4015-9D17-D42732BE51C5}.Debug|Any CPU.ActiveCfg = Debug|Any CPU
		{225FBDE1-F554-4015-9D17-D42732BE51C5}.Debug|Any CPU.Build.0 = Debug|Any CPU
		{225FBDE1-F554-4015-9D17-D42732BE51C5}.Release|Any CPU.ActiveCfg = Release|Any CPU
		{225FBDE1-F554-4015-9D17-D42732BE51C5}.Release|Any CPU.Build.0 = Release|Any CPU
	EndGlobalSection
	GlobalSection(SolutionProperties) = preSolution
		HideSolutionNode = FALSE
	EndGlobalSection
	GlobalSection(ExtensibilityGlobals) = postSolution
		SolutionGuid = {91D81A75-6AB3-4F09-BB6E-3B45DA179B7E}
	EndGlobalSection
EndGlobal
